// !$*UTF8*$!
{
	archiveVersion = 1;
	classes = {
	};
	objectVersion = 56;
	objects = {

/* Begin PBXBuildFile section */
		B9C428182A8E396100E8F97E /* CharacterView.swift in Sources */ = {isa = PBXBuildFile; fileRef = B9C428172A8E396100E8F97E /* CharacterView.swift */; };
		B9C4281C2A8E398700E8F97E /* CharacterView+ViewModel.swift in Sources */ = {isa = PBXBuildFile; fileRef = B9C4281B2A8E398700E8F97E /* CharacterView+ViewModel.swift */; };
		B9C428232A8E3EC400E8F97E /* UIIMageView+Extension.swift in Sources */ = {isa = PBXBuildFile; fileRef = B9C428222A8E3EC400E8F97E /* UIIMageView+Extension.swift */; };
		B9C428292A8E619600E8F97E /* AboutCharacterController.swift in Sources */ = {isa = PBXBuildFile; fileRef = B9C428282A8E619600E8F97E /* AboutCharacterController.swift */; };
		B9C4282B2A8E660300E8F97E /* AboutCharacterController+ViewModel.swift in Sources */ = {isa = PBXBuildFile; fileRef = B9C4282A2A8E660300E8F97E /* AboutCharacterController+ViewModel.swift */; };
		B9C4282D2A8E7DE200E8F97E /* CharacterModel.swift in Sources */ = {isa = PBXBuildFile; fileRef = B9C4282C2A8E7DE200E8F97E /* CharacterModel.swift */; };
		B9C428322A8E809E00E8F97E /* InfoView.swift in Sources */ = {isa = PBXBuildFile; fileRef = B9C428312A8E809E00E8F97E /* InfoView.swift */; };
		B9C428342A8E80A600E8F97E /* InfoView+ViewModel.swift in Sources */ = {isa = PBXBuildFile; fileRef = B9C428332A8E80A600E8F97E /* InfoView+ViewModel.swift */; };
		B9C428372A8E858A00E8F97E /* CharacterInfoHeaderView.swift in Sources */ = {isa = PBXBuildFile; fileRef = B9C428362A8E858A00E8F97E /* CharacterInfoHeaderView.swift */; };
		B9C428392A8E859400E8F97E /* CharacterInfoHeaderView+ViewModel.swift in Sources */ = {isa = PBXBuildFile; fileRef = B9C428382A8E859400E8F97E /* CharacterInfoHeaderView+ViewModel.swift */; };
		B9C4283B2A8E877400E8F97E /* OriginView.swift in Sources */ = {isa = PBXBuildFile; fileRef = B9C4283A2A8E877400E8F97E /* OriginView.swift */; };
		B9C4283D2A8E877C00E8F97E /* OriginView+ViewModel.swift in Sources */ = {isa = PBXBuildFile; fileRef = B9C4283C2A8E877C00E8F97E /* OriginView+ViewModel.swift */; };
		B9C4283F2A8E881000E8F97E /* Image.xcassets in Resources */ = {isa = PBXBuildFile; fileRef = B9C4283E2A8E881000E8F97E /* Image.xcassets */; };
		B9C428412A8E8C2D00E8F97E /* EpisodeView.swift in Sources */ = {isa = PBXBuildFile; fileRef = B9C428402A8E8C2D00E8F97E /* EpisodeView.swift */; };
		B9C428452A8E901400E8F97E /* EpisodesView+ViewModel.swift in Sources */ = {isa = PBXBuildFile; fileRef = B9C428442A8E901400E8F97E /* EpisodesView+ViewModel.swift */; };
		B9E738F92A8D6EDA0062594F /* AppDelegate.swift in Sources */ = {isa = PBXBuildFile; fileRef = B9E738F82A8D6EDA0062594F /* AppDelegate.swift */; };
		B9E738FB2A8D6EDA0062594F /* SceneDelegate.swift in Sources */ = {isa = PBXBuildFile; fileRef = B9E738FA2A8D6EDA0062594F /* SceneDelegate.swift */; };
		B9E739022A8D6EDC0062594F /* Assets.xcassets in Resources */ = {isa = PBXBuildFile; fileRef = B9E739012A8D6EDC0062594F /* Assets.xcassets */; };
		B9E739052A8D6EDC0062594F /* LaunchScreen.storyboard in Resources */ = {isa = PBXBuildFile; fileRef = B9E739032A8D6EDC0062594F /* LaunchScreen.storyboard */; };
		B9E739142A8D6F7D0062594F /* BasicController.swift in Sources */ = {isa = PBXBuildFile; fileRef = B9E739132A8D6F7D0062594F /* BasicController.swift */; };
		B9E739162A8D6FA40062594F /* BasicViewModel.swift in Sources */ = {isa = PBXBuildFile; fileRef = B9E739152A8D6FA40062594F /* BasicViewModel.swift */; };
		B9E739192A8D705F0062594F /* CharactersViewController.swift in Sources */ = {isa = PBXBuildFile; fileRef = B9E739182A8D705F0062594F /* CharactersViewController.swift */; };
		B9E7391B2A8D706E0062594F /* CharactersViewController+ViewModel.swift in Sources */ = {isa = PBXBuildFile; fileRef = B9E7391A2A8D706E0062594F /* CharactersViewController+ViewModel.swift */; };
		B9E7391D2A8D71F10062594F /* UIColor+Extension.swift in Sources */ = {isa = PBXBuildFile; fileRef = B9E7391C2A8D71F10062594F /* UIColor+Extension.swift */; };
		B9E739202A8D729C0062594F /* Colors.xcassets in Resources */ = {isa = PBXBuildFile; fileRef = B9E7391F2A8D729C0062594F /* Colors.xcassets */; };
		B9E739232A8D75A60062594F /* UIFont+Extension.swift in Sources */ = {isa = PBXBuildFile; fileRef = B9E739222A8D75A60062594F /* UIFont+Extension.swift */; };
		B9E739252A8D788E0062594F /* Main.storyboard in Resources */ = {isa = PBXBuildFile; fileRef = B9E739242A8D788E0062594F /* Main.storyboard */; };
		B9E7393B2A8D795C0062594F /* Gilroy-UltraLightItalic.ttf in Resources */ = {isa = PBXBuildFile; fileRef = B9E739272A8D795C0062594F /* Gilroy-UltraLightItalic.ttf */; };
		B9E7393C2A8D795C0062594F /* Gilroy-Medium.ttf in Resources */ = {isa = PBXBuildFile; fileRef = B9E739282A8D795C0062594F /* Gilroy-Medium.ttf */; };
		B9E7393D2A8D795C0062594F /* Gilroy-LightItalic.ttf in Resources */ = {isa = PBXBuildFile; fileRef = B9E739292A8D795C0062594F /* Gilroy-LightItalic.ttf */; };
		B9E7393E2A8D795C0062594F /* Gilroy-ThinItalic.ttf in Resources */ = {isa = PBXBuildFile; fileRef = B9E7392A2A8D795C0062594F /* Gilroy-ThinItalic.ttf */; };
		B9E7393F2A8D795C0062594F /* Gilroy-HeavyItalic.ttf in Resources */ = {isa = PBXBuildFile; fileRef = B9E7392B2A8D795C0062594F /* Gilroy-HeavyItalic.ttf */; };
		B9E739402A8D795C0062594F /* Gilroy-BoldItalic.ttf in Resources */ = {isa = PBXBuildFile; fileRef = B9E7392C2A8D795C0062594F /* Gilroy-BoldItalic.ttf */; };
		B9E739412A8D795C0062594F /* Gilroy-SemiboldItalic.ttf in Resources */ = {isa = PBXBuildFile; fileRef = B9E7392D2A8D795C0062594F /* Gilroy-SemiboldItalic.ttf */; };
		B9E739422A8D795C0062594F /* Gilroy-RegularItalic.ttf in Resources */ = {isa = PBXBuildFile; fileRef = B9E7392E2A8D795C0062594F /* Gilroy-RegularItalic.ttf */; };
		B9E739432A8D795C0062594F /* Gilroy-BlackItalic.ttf in Resources */ = {isa = PBXBuildFile; fileRef = B9E7392F2A8D795C0062594F /* Gilroy-BlackItalic.ttf */; };
		B9E739442A8D795C0062594F /* Gilroy-Regular.ttf in Resources */ = {isa = PBXBuildFile; fileRef = B9E739302A8D795C0062594F /* Gilroy-Regular.ttf */; };
		B9E739452A8D795C0062594F /* Gilroy-UltraLight.ttf in Resources */ = {isa = PBXBuildFile; fileRef = B9E739312A8D795C0062594F /* Gilroy-UltraLight.ttf */; };
		B9E739462A8D795C0062594F /* Gilroy-Black.ttf in Resources */ = {isa = PBXBuildFile; fileRef = B9E739322A8D795C0062594F /* Gilroy-Black.ttf */; };
		B9E739472A8D795C0062594F /* Gilroy-Extrabold.ttf in Resources */ = {isa = PBXBuildFile; fileRef = B9E739332A8D795C0062594F /* Gilroy-Extrabold.ttf */; };
		B9E739482A8D795C0062594F /* Gilroy-MediumItalic.ttf in Resources */ = {isa = PBXBuildFile; fileRef = B9E739342A8D795C0062594F /* Gilroy-MediumItalic.ttf */; };
		B9E739492A8D795C0062594F /* Gilroy-Light.ttf in Resources */ = {isa = PBXBuildFile; fileRef = B9E739352A8D795C0062594F /* Gilroy-Light.ttf */; };
		B9E7394A2A8D795C0062594F /* Gilroy-Thin.ttf in Resources */ = {isa = PBXBuildFile; fileRef = B9E739362A8D795C0062594F /* Gilroy-Thin.ttf */; };
		B9E7394B2A8D795C0062594F /* Gilroy-ExtraboldItalic.ttf in Resources */ = {isa = PBXBuildFile; fileRef = B9E739372A8D795C0062594F /* Gilroy-ExtraboldItalic.ttf */; };
		B9E7394C2A8D795C0062594F /* Gilroy-Semibold.ttf in Resources */ = {isa = PBXBuildFile; fileRef = B9E739382A8D795C0062594F /* Gilroy-Semibold.ttf */; };
		B9E7394D2A8D795C0062594F /* Gilroy-Bold.ttf in Resources */ = {isa = PBXBuildFile; fileRef = B9E739392A8D795C0062594F /* Gilroy-Bold.ttf */; };
		B9E7394E2A8D795C0062594F /* Gilroy-Heavy.ttf in Resources */ = {isa = PBXBuildFile; fileRef = B9E7393A2A8D795C0062594F /* Gilroy-Heavy.ttf */; };
		B9E739552A8D808B0062594F /* NetworkManager.swift in Sources */ = {isa = PBXBuildFile; fileRef = B9E739542A8D808B0062594F /* NetworkManager.swift */; };
		B9E739572A8D80920062594F /* RickAndMortyAPI.swift in Sources */ = {isa = PBXBuildFile; fileRef = B9E739562A8D80920062594F /* RickAndMortyAPI.swift */; };
		B9E7395A2A8E24A20062594F /* RESTConstructor.swift in Sources */ = {isa = PBXBuildFile; fileRef = B9E739592A8E24A20062594F /* RESTConstructor.swift */; };
		B9E7395E2A8E2C8D0062594F /* CharactersListModel.swift in Sources */ = {isa = PBXBuildFile; fileRef = B9E7395D2A8E2C8D0062594F /* CharactersListModel.swift */; };
		B9E739622A8E2CC20062594F /* OriginModel.swift in Sources */ = {isa = PBXBuildFile; fileRef = B9E739612A8E2CC20062594F /* OriginModel.swift */; };
		B9E739642A8E2CE50062594F /* EpisodeModel.swift in Sources */ = {isa = PBXBuildFile; fileRef = B9E739632A8E2CE50062594F /* EpisodeModel.swift */; };
/* End PBXBuildFile section */

/* Begin PBXFileReference section */
		B9C428172A8E396100E8F97E /* CharacterView.swift */ = {isa = PBXFileReference; lastKnownFileType = sourcecode.swift; path = CharacterView.swift; sourceTree = "<group>"; };
		B9C4281B2A8E398700E8F97E /* CharacterView+ViewModel.swift */ = {isa = PBXFileReference; lastKnownFileType = sourcecode.swift; path = "CharacterView+ViewModel.swift"; sourceTree = "<group>"; };
		B9C428222A8E3EC400E8F97E /* UIIMageView+Extension.swift */ = {isa = PBXFileReference; lastKnownFileType = sourcecode.swift; path = "UIIMageView+Extension.swift"; sourceTree = "<group>"; };
		B9C428282A8E619600E8F97E /* AboutCharacterController.swift */ = {isa = PBXFileReference; lastKnownFileType = sourcecode.swift; path = AboutCharacterController.swift; sourceTree = "<group>"; };
		B9C4282A2A8E660300E8F97E /* AboutCharacterController+ViewModel.swift */ = {isa = PBXFileReference; lastKnownFileType = sourcecode.swift; path = "AboutCharacterController+ViewModel.swift"; sourceTree = "<group>"; };
		B9C4282C2A8E7DE200E8F97E /* CharacterModel.swift */ = {isa = PBXFileReference; lastKnownFileType = sourcecode.swift; path = CharacterModel.swift; sourceTree = "<group>"; };
		B9C428312A8E809E00E8F97E /* InfoView.swift */ = {isa = PBXFileReference; lastKnownFileType = sourcecode.swift; path = InfoView.swift; sourceTree = "<group>"; };
		B9C428332A8E80A600E8F97E /* InfoView+ViewModel.swift */ = {isa = PBXFileReference; lastKnownFileType = sourcecode.swift; path = "InfoView+ViewModel.swift"; sourceTree = "<group>"; };
		B9C428362A8E858A00E8F97E /* CharacterInfoHeaderView.swift */ = {isa = PBXFileReference; lastKnownFileType = sourcecode.swift; path = CharacterInfoHeaderView.swift; sourceTree = "<group>"; };
		B9C428382A8E859400E8F97E /* CharacterInfoHeaderView+ViewModel.swift */ = {isa = PBXFileReference; lastKnownFileType = sourcecode.swift; path = "CharacterInfoHeaderView+ViewModel.swift"; sourceTree = "<group>"; };
		B9C4283A2A8E877400E8F97E /* OriginView.swift */ = {isa = PBXFileReference; lastKnownFileType = sourcecode.swift; path = OriginView.swift; sourceTree = "<group>"; };
		B9C4283C2A8E877C00E8F97E /* OriginView+ViewModel.swift */ = {isa = PBXFileReference; lastKnownFileType = sourcecode.swift; path = "OriginView+ViewModel.swift"; sourceTree = "<group>"; };
		B9C4283E2A8E881000E8F97E /* Image.xcassets */ = {isa = PBXFileReference; lastKnownFileType = folder.assetcatalog; path = Image.xcassets; sourceTree = "<group>"; };
		B9C428402A8E8C2D00E8F97E /* EpisodeView.swift */ = {isa = PBXFileReference; lastKnownFileType = sourcecode.swift; path = EpisodeView.swift; sourceTree = "<group>"; };
		B9C428442A8E901400E8F97E /* EpisodesView+ViewModel.swift */ = {isa = PBXFileReference; lastKnownFileType = sourcecode.swift; path = "EpisodesView+ViewModel.swift"; sourceTree = "<group>"; };
		B9E738F52A8D6EDA0062594F /* RickAndMorty.app */ = {isa = PBXFileReference; explicitFileType = wrapper.application; includeInIndex = 0; path = RickAndMorty.app; sourceTree = BUILT_PRODUCTS_DIR; };
		B9E738F82A8D6EDA0062594F /* AppDelegate.swift */ = {isa = PBXFileReference; lastKnownFileType = sourcecode.swift; path = AppDelegate.swift; sourceTree = "<group>"; };
		B9E738FA2A8D6EDA0062594F /* SceneDelegate.swift */ = {isa = PBXFileReference; lastKnownFileType = sourcecode.swift; path = SceneDelegate.swift; sourceTree = "<group>"; };
		B9E739012A8D6EDC0062594F /* Assets.xcassets */ = {isa = PBXFileReference; lastKnownFileType = folder.assetcatalog; path = Assets.xcassets; sourceTree = "<group>"; };
		B9E739042A8D6EDC0062594F /* Base */ = {isa = PBXFileReference; lastKnownFileType = file.storyboard; name = Base; path = Base.lproj/LaunchScreen.storyboard; sourceTree = "<group>"; };
		B9E739062A8D6EDC0062594F /* Info.plist */ = {isa = PBXFileReference; lastKnownFileType = text.plist.xml; path = Info.plist; sourceTree = "<group>"; };
		B9E739132A8D6F7D0062594F /* BasicController.swift */ = {isa = PBXFileReference; lastKnownFileType = sourcecode.swift; path = BasicController.swift; sourceTree = "<group>"; };
		B9E739152A8D6FA40062594F /* BasicViewModel.swift */ = {isa = PBXFileReference; lastKnownFileType = sourcecode.swift; path = BasicViewModel.swift; sourceTree = "<group>"; };
		B9E739182A8D705F0062594F /* CharactersViewController.swift */ = {isa = PBXFileReference; lastKnownFileType = sourcecode.swift; path = CharactersViewController.swift; sourceTree = "<group>"; };
		B9E7391A2A8D706E0062594F /* CharactersViewController+ViewModel.swift */ = {isa = PBXFileReference; lastKnownFileType = sourcecode.swift; path = "CharactersViewController+ViewModel.swift"; sourceTree = "<group>"; };
		B9E7391C2A8D71F10062594F /* UIColor+Extension.swift */ = {isa = PBXFileReference; lastKnownFileType = sourcecode.swift; path = "UIColor+Extension.swift"; sourceTree = "<group>"; };
		B9E7391F2A8D729C0062594F /* Colors.xcassets */ = {isa = PBXFileReference; lastKnownFileType = folder.assetcatalog; path = Colors.xcassets; sourceTree = "<group>"; };
		B9E739222A8D75A60062594F /* UIFont+Extension.swift */ = {isa = PBXFileReference; lastKnownFileType = sourcecode.swift; path = "UIFont+Extension.swift"; sourceTree = "<group>"; };
		B9E739242A8D788E0062594F /* Main.storyboard */ = {isa = PBXFileReference; lastKnownFileType = file.storyboard; path = Main.storyboard; sourceTree = "<group>"; };
		B9E739272A8D795C0062594F /* Gilroy-UltraLightItalic.ttf */ = {isa = PBXFileReference; lastKnownFileType = file; path = "Gilroy-UltraLightItalic.ttf"; sourceTree = "<group>"; };
		B9E739282A8D795C0062594F /* Gilroy-Medium.ttf */ = {isa = PBXFileReference; lastKnownFileType = file; path = "Gilroy-Medium.ttf"; sourceTree = "<group>"; };
		B9E739292A8D795C0062594F /* Gilroy-LightItalic.ttf */ = {isa = PBXFileReference; lastKnownFileType = file; path = "Gilroy-LightItalic.ttf"; sourceTree = "<group>"; };
		B9E7392A2A8D795C0062594F /* Gilroy-ThinItalic.ttf */ = {isa = PBXFileReference; lastKnownFileType = file; path = "Gilroy-ThinItalic.ttf"; sourceTree = "<group>"; };
		B9E7392B2A8D795C0062594F /* Gilroy-HeavyItalic.ttf */ = {isa = PBXFileReference; lastKnownFileType = file; path = "Gilroy-HeavyItalic.ttf"; sourceTree = "<group>"; };
		B9E7392C2A8D795C0062594F /* Gilroy-BoldItalic.ttf */ = {isa = PBXFileReference; lastKnownFileType = file; path = "Gilroy-BoldItalic.ttf"; sourceTree = "<group>"; };
		B9E7392D2A8D795C0062594F /* Gilroy-SemiboldItalic.ttf */ = {isa = PBXFileReference; lastKnownFileType = file; path = "Gilroy-SemiboldItalic.ttf"; sourceTree = "<group>"; };
		B9E7392E2A8D795C0062594F /* Gilroy-RegularItalic.ttf */ = {isa = PBXFileReference; lastKnownFileType = file; path = "Gilroy-RegularItalic.ttf"; sourceTree = "<group>"; };
		B9E7392F2A8D795C0062594F /* Gilroy-BlackItalic.ttf */ = {isa = PBXFileReference; lastKnownFileType = file; path = "Gilroy-BlackItalic.ttf"; sourceTree = "<group>"; };
		B9E739302A8D795C0062594F /* Gilroy-Regular.ttf */ = {isa = PBXFileReference; lastKnownFileType = file; path = "Gilroy-Regular.ttf"; sourceTree = "<group>"; };
		B9E739312A8D795C0062594F /* Gilroy-UltraLight.ttf */ = {isa = PBXFileReference; lastKnownFileType = file; path = "Gilroy-UltraLight.ttf"; sourceTree = "<group>"; };
		B9E739322A8D795C0062594F /* Gilroy-Black.ttf */ = {isa = PBXFileReference; lastKnownFileType = file; path = "Gilroy-Black.ttf"; sourceTree = "<group>"; };
		B9E739332A8D795C0062594F /* Gilroy-Extrabold.ttf */ = {isa = PBXFileReference; lastKnownFileType = file; path = "Gilroy-Extrabold.ttf"; sourceTree = "<group>"; };
		B9E739342A8D795C0062594F /* Gilroy-MediumItalic.ttf */ = {isa = PBXFileReference; lastKnownFileType = file; path = "Gilroy-MediumItalic.ttf"; sourceTree = "<group>"; };
		B9E739352A8D795C0062594F /* Gilroy-Light.ttf */ = {isa = PBXFileReference; lastKnownFileType = file; path = "Gilroy-Light.ttf"; sourceTree = "<group>"; };
		B9E739362A8D795C0062594F /* Gilroy-Thin.ttf */ = {isa = PBXFileReference; lastKnownFileType = file; path = "Gilroy-Thin.ttf"; sourceTree = "<group>"; };
		B9E739372A8D795C0062594F /* Gilroy-ExtraboldItalic.ttf */ = {isa = PBXFileReference; lastKnownFileType = file; path = "Gilroy-ExtraboldItalic.ttf"; sourceTree = "<group>"; };
		B9E739382A8D795C0062594F /* Gilroy-Semibold.ttf */ = {isa = PBXFileReference; lastKnownFileType = file; path = "Gilroy-Semibold.ttf"; sourceTree = "<group>"; };
		B9E739392A8D795C0062594F /* Gilroy-Bold.ttf */ = {isa = PBXFileReference; lastKnownFileType = file; path = "Gilroy-Bold.ttf"; sourceTree = "<group>"; };
		B9E7393A2A8D795C0062594F /* Gilroy-Heavy.ttf */ = {isa = PBXFileReference; lastKnownFileType = file; path = "Gilroy-Heavy.ttf"; sourceTree = "<group>"; };
		B9E739542A8D808B0062594F /* NetworkManager.swift */ = {isa = PBXFileReference; lastKnownFileType = sourcecode.swift; path = NetworkManager.swift; sourceTree = "<group>"; };
		B9E739562A8D80920062594F /* RickAndMortyAPI.swift */ = {isa = PBXFileReference; lastKnownFileType = sourcecode.swift; path = RickAndMortyAPI.swift; sourceTree = "<group>"; };
		B9E739592A8E24A20062594F /* RESTConstructor.swift */ = {isa = PBXFileReference; lastKnownFileType = sourcecode.swift; path = RESTConstructor.swift; sourceTree = "<group>"; };
		B9E7395D2A8E2C8D0062594F /* CharactersListModel.swift */ = {isa = PBXFileReference; lastKnownFileType = sourcecode.swift; path = CharactersListModel.swift; sourceTree = "<group>"; };
		B9E739612A8E2CC20062594F /* OriginModel.swift */ = {isa = PBXFileReference; lastKnownFileType = sourcecode.swift; path = OriginModel.swift; sourceTree = "<group>"; };
		B9E739632A8E2CE50062594F /* EpisodeModel.swift */ = {isa = PBXFileReference; lastKnownFileType = sourcecode.swift; path = EpisodeModel.swift; sourceTree = "<group>"; };
/* End PBXFileReference section */

/* Begin PBXFrameworksBuildPhase section */
		B9E738F22A8D6EDA0062594F /* Frameworks */ = {
			isa = PBXFrameworksBuildPhase;
			buildActionMask = 2147483647;
			files = (
			);
			runOnlyForDeploymentPostprocessing = 0;
		};
/* End PBXFrameworksBuildPhase section */

/* Begin PBXGroup section */
		B9C428192A8E397600E8F97E /* CharacterView */ = {
			isa = PBXGroup;
			children = (
				B9C428172A8E396100E8F97E /* CharacterView.swift */,
				B9C4281B2A8E398700E8F97E /* CharacterView+ViewModel.swift */,
			);
			path = CharacterView;
			sourceTree = "<group>";
		};
		B9C428272A8E615900E8F97E /* AboutCharacterController */ = {
			isa = PBXGroup;
			children = (
				B9C428282A8E619600E8F97E /* AboutCharacterController.swift */,
				B9C4282A2A8E660300E8F97E /* AboutCharacterController+ViewModel.swift */,
			);
			path = AboutCharacterController;
			sourceTree = "<group>";
		};
		B9C4282E2A8E808200E8F97E /* InfoView */ = {
			isa = PBXGroup;
			children = (
				B9C428312A8E809E00E8F97E /* InfoView.swift */,
				B9C428332A8E80A600E8F97E /* InfoView+ViewModel.swift */,
			);
			path = InfoView;
			sourceTree = "<group>";
		};
		B9C4282F2A8E808D00E8F97E /* OriginView */ = {
			isa = PBXGroup;
			children = (
				B9C4283A2A8E877400E8F97E /* OriginView.swift */,
				B9C4283C2A8E877C00E8F97E /* OriginView+ViewModel.swift */,
			);
			path = OriginView;
			sourceTree = "<group>";
		};
		B9C428302A8E809200E8F97E /* EpisodesView */ = {
			isa = PBXGroup;
			children = (
				B9C428402A8E8C2D00E8F97E /* EpisodeView.swift */,
				B9C428442A8E901400E8F97E /* EpisodesView+ViewModel.swift */,
			);
			path = EpisodesView;
			sourceTree = "<group>";
		};
		B9C428352A8E857B00E8F97E /* HeaderView */ = {
			isa = PBXGroup;
			children = (
				B9C428362A8E858A00E8F97E /* CharacterInfoHeaderView.swift */,
				B9C428382A8E859400E8F97E /* CharacterInfoHeaderView+ViewModel.swift */,
			);
			path = HeaderView;
			sourceTree = "<group>";
		};
		B9E738EC2A8D6EDA0062594F = {
			isa = PBXGroup;
			children = (
				B9E738F72A8D6EDA0062594F /* RickAndMorty */,
				B9E738F62A8D6EDA0062594F /* Products */,
			);
			sourceTree = "<group>";
		};
		B9E738F62A8D6EDA0062594F /* Products */ = {
			isa = PBXGroup;
			children = (
				B9E738F52A8D6EDA0062594F /* RickAndMorty.app */,
			);
			name = Products;
			sourceTree = "<group>";
		};
		B9E738F72A8D6EDA0062594F /* RickAndMorty */ = {
			isa = PBXGroup;
			children = (
				B9E7395C2A8E2C7C0062594F /* Model */,
				B9E739582A8E248D0062594F /* Protocols */,
				B9E739502A8D7F410062594F /* NetworkManager */,
				B9E7394F2A8D7D030062594F /* Views */,
				B9E739062A8D6EDC0062594F /* Info.plist */,
				B9E7391E2A8D726F0062594F /* Resoucers */,
				B9E7390F2A8D6F160062594F /* App */,
				B9E7390E2A8D6F0F0062594F /* MVVM */,
				B9E7390D2A8D6F070062594F /* Helpers */,
				B9E7390C2A8D6EF60062594F /* Feature */,
			);
			path = RickAndMorty;
			sourceTree = "<group>";
		};
		B9E7390C2A8D6EF60062594F /* Feature */ = {
			isa = PBXGroup;
			children = (
				B9C428272A8E615900E8F97E /* AboutCharacterController */,
				B9E739172A8D70430062594F /* CharactersController */,
			);
			path = Feature;
			sourceTree = "<group>";
		};
		B9E7390D2A8D6F070062594F /* Helpers */ = {
			isa = PBXGroup;
			children = (
				B9E7391C2A8D71F10062594F /* UIColor+Extension.swift */,
				B9E739222A8D75A60062594F /* UIFont+Extension.swift */,
				B9C428222A8E3EC400E8F97E /* UIIMageView+Extension.swift */,
			);
			path = Helpers;
			sourceTree = "<group>";
		};
		B9E7390E2A8D6F0F0062594F /* MVVM */ = {
			isa = PBXGroup;
			children = (
				B9E739132A8D6F7D0062594F /* BasicController.swift */,
				B9E739152A8D6FA40062594F /* BasicViewModel.swift */,
			);
			path = MVVM;
			sourceTree = "<group>";
		};
		B9E7390F2A8D6F160062594F /* App */ = {
			isa = PBXGroup;
			children = (
				B9E738F82A8D6EDA0062594F /* AppDelegate.swift */,
				B9E738FA2A8D6EDA0062594F /* SceneDelegate.swift */,
				B9E739012A8D6EDC0062594F /* Assets.xcassets */,
				B9E739032A8D6EDC0062594F /* LaunchScreen.storyboard */,
				B9E739242A8D788E0062594F /* Main.storyboard */,
			);
			path = App;
			sourceTree = "<group>";
		};
		B9E739172A8D70430062594F /* CharactersController */ = {
			isa = PBXGroup;
			children = (
				B9E739182A8D705F0062594F /* CharactersViewController.swift */,
				B9E7391A2A8D706E0062594F /* CharactersViewController+ViewModel.swift */,
			);
			path = CharactersController;
			sourceTree = "<group>";
		};
		B9E7391E2A8D726F0062594F /* Resoucers */ = {
			isa = PBXGroup;
			children = (
				B9E739212A8D753E0062594F /* Fonts */,
				B9E7391F2A8D729C0062594F /* Colors.xcassets */,
				B9C4283E2A8E881000E8F97E /* Image.xcassets */,
			);
			path = Resoucers;
			sourceTree = "<group>";
		};
		B9E739212A8D753E0062594F /* Fonts */ = {
			isa = PBXGroup;
			children = (
				B9E739262A8D795C0062594F /* Gilroy */,
			);
			path = Fonts;
			sourceTree = "<group>";
		};
		B9E739262A8D795C0062594F /* Gilroy */ = {
			isa = PBXGroup;
			children = (
				B9E739272A8D795C0062594F /* Gilroy-UltraLightItalic.ttf */,
				B9E739282A8D795C0062594F /* Gilroy-Medium.ttf */,
				B9E739292A8D795C0062594F /* Gilroy-LightItalic.ttf */,
				B9E7392A2A8D795C0062594F /* Gilroy-ThinItalic.ttf */,
				B9E7392B2A8D795C0062594F /* Gilroy-HeavyItalic.ttf */,
				B9E7392C2A8D795C0062594F /* Gilroy-BoldItalic.ttf */,
				B9E7392D2A8D795C0062594F /* Gilroy-SemiboldItalic.ttf */,
				B9E7392E2A8D795C0062594F /* Gilroy-RegularItalic.ttf */,
				B9E7392F2A8D795C0062594F /* Gilroy-BlackItalic.ttf */,
				B9E739302A8D795C0062594F /* Gilroy-Regular.ttf */,
				B9E739312A8D795C0062594F /* Gilroy-UltraLight.ttf */,
				B9E739322A8D795C0062594F /* Gilroy-Black.ttf */,
				B9E739332A8D795C0062594F /* Gilroy-Extrabold.ttf */,
				B9E739342A8D795C0062594F /* Gilroy-MediumItalic.ttf */,
				B9E739352A8D795C0062594F /* Gilroy-Light.ttf */,
				B9E739362A8D795C0062594F /* Gilroy-Thin.ttf */,
				B9E739372A8D795C0062594F /* Gilroy-ExtraboldItalic.ttf */,
				B9E739382A8D795C0062594F /* Gilroy-Semibold.ttf */,
				B9E739392A8D795C0062594F /* Gilroy-Bold.ttf */,
				B9E7393A2A8D795C0062594F /* Gilroy-Heavy.ttf */,
			);
			path = Gilroy;
			sourceTree = "<group>";
		};
		B9E7394F2A8D7D030062594F /* Views */ = {
			isa = PBXGroup;
			children = (
				B9C428352A8E857B00E8F97E /* HeaderView */,
				B9C428302A8E809200E8F97E /* EpisodesView */,
				B9C4282F2A8E808D00E8F97E /* OriginView */,
				B9C4282E2A8E808200E8F97E /* InfoView */,
				B9C428192A8E397600E8F97E /* CharacterView */,
			);
			path = Views;
			sourceTree = "<group>";
		};
		B9E739502A8D7F410062594F /* NetworkManager */ = {
			isa = PBXGroup;
			children = (
				B9E739542A8D808B0062594F /* NetworkManager.swift */,
				B9E739562A8D80920062594F /* RickAndMortyAPI.swift */,
			);
			path = NetworkManager;
			sourceTree = "<group>";
		};
		B9E739582A8E248D0062594F /* Protocols */ = {
			isa = PBXGroup;
			children = (
				B9E739592A8E24A20062594F /* RESTConstructor.swift */,
			);
			path = Protocols;
			sourceTree = "<group>";
		};
		B9E7395C2A8E2C7C0062594F /* Model */ = {
			isa = PBXGroup;
			children = (
				B9E7395D2A8E2C8D0062594F /* CharactersListModel.swift */,
				B9E739612A8E2CC20062594F /* OriginModel.swift */,
				B9E739632A8E2CE50062594F /* EpisodeModel.swift */,
				B9C4282C2A8E7DE200E8F97E /* CharacterModel.swift */,
			);
			path = Model;
			sourceTree = "<group>";
		};
/* End PBXGroup section */

/* Begin PBXNativeTarget section */
		B9E738F42A8D6EDA0062594F /* RickAndMorty */ = {
			isa = PBXNativeTarget;
			buildConfigurationList = B9E739092A8D6EDC0062594F /* Build configuration list for PBXNativeTarget "RickAndMorty" */;
			buildPhases = (
				B9E738F12A8D6EDA0062594F /* Sources */,
				B9E738F22A8D6EDA0062594F /* Frameworks */,
				B9E738F32A8D6EDA0062594F /* Resources */,
			);
			buildRules = (
			);
			dependencies = (
			);
			name = RickAndMorty;
			packageProductDependencies = (
			);
			productName = RickAndMorty;
			productReference = B9E738F52A8D6EDA0062594F /* RickAndMorty.app */;
			productType = "com.apple.product-type.application";
		};
/* End PBXNativeTarget section */

/* Begin PBXProject section */
		B9E738ED2A8D6EDA0062594F /* Project object */ = {
			isa = PBXProject;
			attributes = {
				BuildIndependentTargetsInParallel = 1;
				LastSwiftUpdateCheck = 1430;
				LastUpgradeCheck = 1430;
				TargetAttributes = {
					B9E738F42A8D6EDA0062594F = {
						CreatedOnToolsVersion = 14.3;
					};
				};
			};
			buildConfigurationList = B9E738F02A8D6EDA0062594F /* Build configuration list for PBXProject "RickAndMorty" */;
			compatibilityVersion = "Xcode 14.0";
			developmentRegion = en;
			hasScannedForEncodings = 0;
			knownRegions = (
				en,
				Base,
			);
			mainGroup = B9E738EC2A8D6EDA0062594F;
			packageReferences = (
			);
			productRefGroup = B9E738F62A8D6EDA0062594F /* Products */;
			projectDirPath = "";
			projectRoot = "";
			targets = (
				B9E738F42A8D6EDA0062594F /* RickAndMorty */,
			);
		};
/* End PBXProject section */

/* Begin PBXResourcesBuildPhase section */
		B9E738F32A8D6EDA0062594F /* Resources */ = {
			isa = PBXResourcesBuildPhase;
			buildActionMask = 2147483647;
			files = (
				B9E739412A8D795C0062594F /* Gilroy-SemiboldItalic.ttf in Resources */,
				B9E739202A8D729C0062594F /* Colors.xcassets in Resources */,
				B9E739472A8D795C0062594F /* Gilroy-Extrabold.ttf in Resources */,
				B9E7393C2A8D795C0062594F /* Gilroy-Medium.ttf in Resources */,
				B9E739422A8D795C0062594F /* Gilroy-RegularItalic.ttf in Resources */,
				B9E739052A8D6EDC0062594F /* LaunchScreen.storyboard in Resources */,
				B9E739452A8D795C0062594F /* Gilroy-UltraLight.ttf in Resources */,
				B9C4283F2A8E881000E8F97E /* Image.xcassets in Resources */,
				B9E739442A8D795C0062594F /* Gilroy-Regular.ttf in Resources */,
				B9E739402A8D795C0062594F /* Gilroy-BoldItalic.ttf in Resources */,
				B9E7393F2A8D795C0062594F /* Gilroy-HeavyItalic.ttf in Resources */,
				B9E739432A8D795C0062594F /* Gilroy-BlackItalic.ttf in Resources */,
				B9E739482A8D795C0062594F /* Gilroy-MediumItalic.ttf in Resources */,
				B9E7394E2A8D795C0062594F /* Gilroy-Heavy.ttf in Resources */,
				B9E739492A8D795C0062594F /* Gilroy-Light.ttf in Resources */,
				B9E7394A2A8D795C0062594F /* Gilroy-Thin.ttf in Resources */,
				B9E7394B2A8D795C0062594F /* Gilroy-ExtraboldItalic.ttf in Resources */,
				B9E7393B2A8D795C0062594F /* Gilroy-UltraLightItalic.ttf in Resources */,
				B9E739022A8D6EDC0062594F /* Assets.xcassets in Resources */,
				B9E739462A8D795C0062594F /* Gilroy-Black.ttf in Resources */,
				B9E7393E2A8D795C0062594F /* Gilroy-ThinItalic.ttf in Resources */,
				B9E7394C2A8D795C0062594F /* Gilroy-Semibold.ttf in Resources */,
				B9E739252A8D788E0062594F /* Main.storyboard in Resources */,
				B9E7393D2A8D795C0062594F /* Gilroy-LightItalic.ttf in Resources */,
				B9E7394D2A8D795C0062594F /* Gilroy-Bold.ttf in Resources */,
			);
			runOnlyForDeploymentPostprocessing = 0;
		};
/* End PBXResourcesBuildPhase section */

/* Begin PBXSourcesBuildPhase section */
		B9E738F12A8D6EDA0062594F /* Sources */ = {
			isa = PBXSourcesBuildPhase;
			buildActionMask = 2147483647;
			files = (
				B9C4283D2A8E877C00E8F97E /* OriginView+ViewModel.swift in Sources */,
				B9E7391D2A8D71F10062594F /* UIColor+Extension.swift in Sources */,
				B9C428342A8E80A600E8F97E /* InfoView+ViewModel.swift in Sources */,
				B9C4282D2A8E7DE200E8F97E /* CharacterModel.swift in Sources */,
				B9E7395E2A8E2C8D0062594F /* CharactersListModel.swift in Sources */,
				B9E738F92A8D6EDA0062594F /* AppDelegate.swift in Sources */,
				B9E7391B2A8D706E0062594F /* CharactersViewController+ViewModel.swift in Sources */,
				B9E739162A8D6FA40062594F /* BasicViewModel.swift in Sources */,
				B9E739572A8D80920062594F /* RickAndMortyAPI.swift in Sources */,
				B9E739142A8D6F7D0062594F /* BasicController.swift in Sources */,
				B9C428412A8E8C2D00E8F97E /* EpisodeView.swift in Sources */,
				B9C4281C2A8E398700E8F97E /* CharacterView+ViewModel.swift in Sources */,
				B9E739552A8D808B0062594F /* NetworkManager.swift in Sources */,
				B9E739192A8D705F0062594F /* CharactersViewController.swift in Sources */,
				B9E739232A8D75A60062594F /* UIFont+Extension.swift in Sources */,
				B9C428292A8E619600E8F97E /* AboutCharacterController.swift in Sources */,
				B9C428322A8E809E00E8F97E /* InfoView.swift in Sources */,
				B9E738FB2A8D6EDA0062594F /* SceneDelegate.swift in Sources */,
				B9C428392A8E859400E8F97E /* CharacterInfoHeaderView+ViewModel.swift in Sources */,
				B9C4283B2A8E877400E8F97E /* OriginView.swift in Sources */,
				B9E7395A2A8E24A20062594F /* RESTConstructor.swift in Sources */,
				B9C428182A8E396100E8F97E /* CharacterView.swift in Sources */,
				B9E739622A8E2CC20062594F /* OriginModel.swift in Sources */,
				B9C4282B2A8E660300E8F97E /* AboutCharacterController+ViewModel.swift in Sources */,
				B9C428232A8E3EC400E8F97E /* UIIMageView+Extension.swift in Sources */,
				B9C428452A8E901400E8F97E /* EpisodesView+ViewModel.swift in Sources */,
				B9C428372A8E858A00E8F97E /* CharacterInfoHeaderView.swift in Sources */,
				B9E739642A8E2CE50062594F /* EpisodeModel.swift in Sources */,
			);
			runOnlyForDeploymentPostprocessing = 0;
		};
/* End PBXSourcesBuildPhase section */

/* Begin PBXVariantGroup section */
		B9E739032A8D6EDC0062594F /* LaunchScreen.storyboard */ = {
			isa = PBXVariantGroup;
			children = (
				B9E739042A8D6EDC0062594F /* Base */,
			);
			name = LaunchScreen.storyboard;
			sourceTree = "<group>";
		};
/* End PBXVariantGroup section */

/* Begin XCBuildConfiguration section */
		B9E739072A8D6EDC0062594F /* Debug */ = {
			isa = XCBuildConfiguration;
			buildSettings = {
				ALWAYS_SEARCH_USER_PATHS = NO;
				CLANG_ANALYZER_NONNULL = YES;
				CLANG_ANALYZER_NUMBER_OBJECT_CONVERSION = YES_AGGRESSIVE;
				CLANG_CXX_LANGUAGE_STANDARD = "gnu++20";
				CLANG_ENABLE_MODULES = YES;
				CLANG_ENABLE_OBJC_ARC = YES;
				CLANG_ENABLE_OBJC_WEAK = YES;
				CLANG_WARN_BLOCK_CAPTURE_AUTORELEASING = YES;
				CLANG_WARN_BOOL_CONVERSION = YES;
				CLANG_WARN_COMMA = YES;
				CLANG_WARN_CONSTANT_CONVERSION = YES;
				CLANG_WARN_DEPRECATED_OBJC_IMPLEMENTATIONS = YES;
				CLANG_WARN_DIRECT_OBJC_ISA_USAGE = YES_ERROR;
				CLANG_WARN_DOCUMENTATION_COMMENTS = YES;
				CLANG_WARN_EMPTY_BODY = YES;
				CLANG_WARN_ENUM_CONVERSION = YES;
				CLANG_WARN_INFINITE_RECURSION = YES;
				CLANG_WARN_INT_CONVERSION = YES;
				CLANG_WARN_NON_LITERAL_NULL_CONVERSION = YES;
				CLANG_WARN_OBJC_IMPLICIT_RETAIN_SELF = YES;
				CLANG_WARN_OBJC_LITERAL_CONVERSION = YES;
				CLANG_WARN_OBJC_ROOT_CLASS = YES_ERROR;
				CLANG_WARN_QUOTED_INCLUDE_IN_FRAMEWORK_HEADER = YES;
				CLANG_WARN_RANGE_LOOP_ANALYSIS = YES;
				CLANG_WARN_STRICT_PROTOTYPES = YES;
				CLANG_WARN_SUSPICIOUS_MOVE = YES;
				CLANG_WARN_UNGUARDED_AVAILABILITY = YES_AGGRESSIVE;
				CLANG_WARN_UNREACHABLE_CODE = YES;
				CLANG_WARN__DUPLICATE_METHOD_MATCH = YES;
				COPY_PHASE_STRIP = NO;
				DEBUG_INFORMATION_FORMAT = dwarf;
				ENABLE_STRICT_OBJC_MSGSEND = YES;
				ENABLE_TESTABILITY = YES;
				GCC_C_LANGUAGE_STANDARD = gnu11;
				GCC_DYNAMIC_NO_PIC = NO;
				GCC_NO_COMMON_BLOCKS = YES;
				GCC_OPTIMIZATION_LEVEL = 0;
				GCC_PREPROCESSOR_DEFINITIONS = (
					"DEBUG=1",
					"$(inherited)",
				);
				GCC_WARN_64_TO_32_BIT_CONVERSION = YES;
				GCC_WARN_ABOUT_RETURN_TYPE = YES_ERROR;
				GCC_WARN_UNDECLARED_SELECTOR = YES;
				GCC_WARN_UNINITIALIZED_AUTOS = YES_AGGRESSIVE;
				GCC_WARN_UNUSED_FUNCTION = YES;
				GCC_WARN_UNUSED_VARIABLE = YES;
				IPHONEOS_DEPLOYMENT_TARGET = 15.0;
				MTL_ENABLE_DEBUG_INFO = INCLUDE_SOURCE;
				MTL_FAST_MATH = YES;
				ONLY_ACTIVE_ARCH = YES;
				SDKROOT = iphoneos;
				SWIFT_ACTIVE_COMPILATION_CONDITIONS = DEBUG;
				SWIFT_OPTIMIZATION_LEVEL = "-Onone";
			};
			name = Debug;
		};
		B9E739082A8D6EDC0062594F /* Release */ = {
			isa = XCBuildConfiguration;
			buildSettings = {
				ALWAYS_SEARCH_USER_PATHS = NO;
				CLANG_ANALYZER_NONNULL = YES;
				CLANG_ANALYZER_NUMBER_OBJECT_CONVERSION = YES_AGGRESSIVE;
				CLANG_CXX_LANGUAGE_STANDARD = "gnu++20";
				CLANG_ENABLE_MODULES = YES;
				CLANG_ENABLE_OBJC_ARC = YES;
				CLANG_ENABLE_OBJC_WEAK = YES;
				CLANG_WARN_BLOCK_CAPTURE_AUTORELEASING = YES;
				CLANG_WARN_BOOL_CONVERSION = YES;
				CLANG_WARN_COMMA = YES;
				CLANG_WARN_CONSTANT_CONVERSION = YES;
				CLANG_WARN_DEPRECATED_OBJC_IMPLEMENTATIONS = YES;
				CLANG_WARN_DIRECT_OBJC_ISA_USAGE = YES_ERROR;
				CLANG_WARN_DOCUMENTATION_COMMENTS = YES;
				CLANG_WARN_EMPTY_BODY = YES;
				CLANG_WARN_ENUM_CONVERSION = YES;
				CLANG_WARN_INFINITE_RECURSION = YES;
				CLANG_WARN_INT_CONVERSION = YES;
				CLANG_WARN_NON_LITERAL_NULL_CONVERSION = YES;
				CLANG_WARN_OBJC_IMPLICIT_RETAIN_SELF = YES;
				CLANG_WARN_OBJC_LITERAL_CONVERSION = YES;
				CLANG_WARN_OBJC_ROOT_CLASS = YES_ERROR;
				CLANG_WARN_QUOTED_INCLUDE_IN_FRAMEWORK_HEADER = YES;
				CLANG_WARN_RANGE_LOOP_ANALYSIS = YES;
				CLANG_WARN_STRICT_PROTOTYPES = YES;
				CLANG_WARN_SUSPICIOUS_MOVE = YES;
				CLANG_WARN_UNGUARDED_AVAILABILITY = YES_AGGRESSIVE;
				CLANG_WARN_UNREACHABLE_CODE = YES;
				CLANG_WARN__DUPLICATE_METHOD_MATCH = YES;
				COPY_PHASE_STRIP = NO;
				DEBUG_INFORMATION_FORMAT = "dwarf-with-dsym";
				ENABLE_NS_ASSERTIONS = NO;
				ENABLE_STRICT_OBJC_MSGSEND = YES;
				GCC_C_LANGUAGE_STANDARD = gnu11;
				GCC_NO_COMMON_BLOCKS = YES;
				GCC_WARN_64_TO_32_BIT_CONVERSION = YES;
				GCC_WARN_ABOUT_RETURN_TYPE = YES_ERROR;
				GCC_WARN_UNDECLARED_SELECTOR = YES;
				GCC_WARN_UNINITIALIZED_AUTOS = YES_AGGRESSIVE;
				GCC_WARN_UNUSED_FUNCTION = YES;
				GCC_WARN_UNUSED_VARIABLE = YES;
				IPHONEOS_DEPLOYMENT_TARGET = 15.0;
				MTL_ENABLE_DEBUG_INFO = NO;
				MTL_FAST_MATH = YES;
				SDKROOT = iphoneos;
				SWIFT_COMPILATION_MODE = wholemodule;
				SWIFT_OPTIMIZATION_LEVEL = "-O";
				VALIDATE_PRODUCT = YES;
			};
			name = Release;
		};
		B9E7390A2A8D6EDC0062594F /* Debug */ = {
			isa = XCBuildConfiguration;
			buildSettings = {
				ASSETCATALOG_COMPILER_APPICON_NAME = AppIcon;
				ASSETCATALOG_COMPILER_GLOBAL_ACCENT_COLOR_NAME = AccentColor;
				CODE_SIGN_STYLE = Automatic;
				CURRENT_PROJECT_VERSION = 1;
				DEVELOPMENT_TEAM = G264CBHMU9;
				GENERATE_INFOPLIST_FILE = YES;
				INFOPLIST_FILE = RickAndMorty/Info.plist;
				INFOPLIST_KEY_UIApplicationSupportsIndirectInputEvents = YES;
				INFOPLIST_KEY_UILaunchStoryboardName = LaunchScreen;
				INFOPLIST_KEY_UIMainStoryboardFile = Main;
				INFOPLIST_KEY_UISupportedInterfaceOrientations = UIInterfaceOrientationPortrait;
				IPHONEOS_DEPLOYMENT_TARGET = 15.0;
				LD_RUNPATH_SEARCH_PATHS = (
					"$(inherited)",
					"@executable_path/Frameworks",
				);
				MARKETING_VERSION = 1.0;
				PRODUCT_BUNDLE_IDENTIFIER = Courses.RickAndMorty;
				PRODUCT_NAME = "$(TARGET_NAME)";
				SUPPORTED_PLATFORMS = "iphoneos iphonesimulator";
				SUPPORTS_MACCATALYST = NO;
				SUPPORTS_MAC_DESIGNED_FOR_IPHONE_IPAD = NO;
				SWIFT_EMIT_LOC_STRINGS = YES;
				SWIFT_VERSION = 5.0;
				TARGETED_DEVICE_FAMILY = 1;
			};
			name = Debug;
		};
		B9E7390B2A8D6EDC0062594F /* Release */ = {
			isa = XCBuildConfiguration;
			buildSettings = {
				ASSETCATALOG_COMPILER_APPICON_NAME = AppIcon;
				ASSETCATALOG_COMPILER_GLOBAL_ACCENT_COLOR_NAME = AccentColor;
				CODE_SIGN_STYLE = Automatic;
				CURRENT_PROJECT_VERSION = 1;
				DEVELOPMENT_TEAM = G264CBHMU9;
				GENERATE_INFOPLIST_FILE = YES;
				INFOPLIST_FILE = RickAndMorty/Info.plist;
				INFOPLIST_KEY_UIApplicationSupportsIndirectInputEvents = YES;
				INFOPLIST_KEY_UILaunchStoryboardName = LaunchScreen;
				INFOPLIST_KEY_UIMainStoryboardFile = Main;
				INFOPLIST_KEY_UISupportedInterfaceOrientations = UIInterfaceOrientationPortrait;
				IPHONEOS_DEPLOYMENT_TARGET = 15.0;
				LD_RUNPATH_SEARCH_PATHS = (
					"$(inherited)",
					"@executable_path/Frameworks",
				);
				MARKETING_VERSION = 1.0;
				PRODUCT_BUNDLE_IDENTIFIER = Courses.RickAndMorty;
				PRODUCT_NAME = "$(TARGET_NAME)";
				SUPPORTED_PLATFORMS = "iphoneos iphonesimulator";
				SUPPORTS_MACCATALYST = NO;
				SUPPORTS_MAC_DESIGNED_FOR_IPHONE_IPAD = NO;
				SWIFT_EMIT_LOC_STRINGS = YES;
				SWIFT_VERSION = 5.0;
				TARGETED_DEVICE_FAMILY = 1;
			};
			name = Release;
		};
/* End XCBuildConfiguration section */

/* Begin XCConfigurationList section */
		B9E738F02A8D6EDA0062594F /* Build configuration list for PBXProject "RickAndMorty" */ = {
			isa = XCConfigurationList;
			buildConfigurations = (
				B9E739072A8D6EDC0062594F /* Debug */,
				B9E739082A8D6EDC0062594F /* Release */,
			);
			defaultConfigurationIsVisible = 0;
			defaultConfigurationName = Release;
		};
		B9E739092A8D6EDC0062594F /* Build configuration list for PBXNativeTarget "RickAndMorty" */ = {
			isa = XCConfigurationList;
			buildConfigurations = (
				B9E7390A2A8D6EDC0062594F /* Debug */,
				B9E7390B2A8D6EDC0062594F /* Release */,
			);
			defaultConfigurationIsVisible = 0;
			defaultConfigurationName = Release;
		};
/* End XCConfigurationList section */
	};
	rootObject = B9E738ED2A8D6EDA0062594F /* Project object */;
}
